
Microsoft Visual Studio Solution File, Format Version 12.00
# Visual Studio Version 16
VisualStudioVersion = 16.0.29215.179
MinimumVisualStudioVersion = 10.0.40219.1
Project("{FAE04EC0-301F-11D3-BF4B-00C04F79EFBC}") = "batchdl", "batchdl.csproj", "{BED3EFBD-9C5C-4403-B822-131E266DEBFD}"
EndProject
Global
	GlobalSection(SolutionConfigurationPlatforms) = preSolution
		Debug|Any CPU = Debug|Any CPU
		Release|Any CPU = Release|Any CPU
	EndGlobalSection
	GlobalSection(ProjectConfigurationPlatforms) = postSolution
		{BED3EFBD-9C5C-4403-B822-131E266DEBFD}.Debug|Any CPU.ActiveCfg = Debug|Any CPU
		{BED3EFBD-9C5C-4403-B822-131E266DEBFD}.Debug|Any CPU.Build.0 = Debug|Any CPU
		{BED3EFBD-9C5C-4403-B822-131E266DEBFD}.Release|Any CPU.ActiveCfg = Release|Any CPU
		{BED3EFBD-9C5C-4403-B822-131E266DEBFD}.Release|Any CPU.Build.0 = Release|Any CPU
	EndGlobalSection
	GlobalSection(SolutionProperties) = preSolution
		HideSolutionNode = FALSE
	EndGlobalSection
	GlobalSection(ExtensibilityGlobals) = postSolution
		SolutionGuid = {2A71B82B-F180-410A-82D7-52FE3DD6F4F7}
	EndGlobalSection
EndGlobal
